
Microsoft Visual Studio Solution File, Format Version 12.00
# Visual Studio Version 17
VisualStudioVersion = 17.8.34330.188
MinimumVisualStudioVersion = 10.0.40219.1
Project("{8BC9CEB8-8B4A-11D0-8D11-00A0C91BC942}") = "ConsoleApplication1", "ConsoleApplication1\ConsoleApplication1.vcxproj", "{64652C4D-A061-4F8E-851F-7A12BBEE2B7E}"
EndProject
Global
	GlobalSection(SolutionConfigurationPlatforms) = preSolution
		Debug|x64 = Debug|x64
		Debug|x86 = Debug|x86
		Release|x64 = Release|x64
		Release|x86 = Release|x86
	EndGlobalSection
	GlobalSection(ProjectConfigurationPlatforms) = postSolution
		{64652C4D-A061-4F8E-851F-7A12BBEE2B7E}.Debug|x64.ActiveCfg = Debug|x64
		{64652C4D-A061-4F8E-851F-7A12BBEE2B7E}.Debug|x64.Build.0 = Debug|x64
		{64652C4D-A061-4F8E-851F-7A12BBEE2B7E}.Debug|x86.ActiveCfg = Debug|Win32
		{64652C4D-A061-4F8E-851F-7A12BBEE2B7E}.Debug|x86.Build.0 = Debug|Win32
		{64652C4D-A061-4F8E-851F-7A12BBEE2B7E}.Release|x64.ActiveCfg = Release|x64
		{64652C4D-A061-4F8E-851F-7A12BBEE2B7E}.Release|x64.Build.0 = Release|x64
		{64652C4D-A061-4F8E-851F-7A12BBEE2B7E}.Release|x86.ActiveCfg = Release|Win32
		{64652C4D-A061-4F8E-851F-7A12BBEE2B7E}.Release|x86.Build.0 = Release|Win32
	EndGlobalSection
	GlobalSection(SolutionProperties) = preSolution
		HideSolutionNode = FALSE
	EndGlobalSection
	GlobalSection(ExtensibilityGlobals) = postSolution
		SolutionGuid = {E53ABFDA-A213-44E6-8B90-5AC4C5520D60}
	EndGlobalSection
EndGlobal
