
Microsoft Visual Studio Solution File, Format Version 12.00
# Visual Studio Version 17
VisualStudioVersion = 17.8.34330.188
MinimumVisualStudioVersion = 10.0.40219.1
Project("{8BC9CEB8-8B4A-11D0-8D11-00A0C91BC942}") = "LeaverClient", "LeaverClient\LeaverClient.vcxproj", "{6CD94E88-76F9-4156-A083-9451A4814EDF}"
EndProject
Project("{8BC9CEB8-8B4A-11D0-8D11-00A0C91BC942}") = "LeaverDynamicLib", "LeaverDynamicLib\LeaverDynamicLib.vcxproj", "{2B019AF9-C757-4E40-B511-7352B669E08A}"
EndProject
Global
	GlobalSection(SolutionConfigurationPlatforms) = preSolution
		Debug|x64 = Debug|x64
		Debug|x86 = Debug|x86
		Release|x64 = Release|x64
		Release|x86 = Release|x86
	EndGlobalSection
	GlobalSection(ProjectConfigurationPlatforms) = postSolution
		{6CD94E88-76F9-4156-A083-9451A4814EDF}.Debug|x64.ActiveCfg = Debug|x64
		{6CD94E88-76F9-4156-A083-9451A4814EDF}.Debug|x64.Build.0 = Debug|x64
		{6CD94E88-76F9-4156-A083-9451A4814EDF}.Debug|x86.ActiveCfg = Debug|Win32
		{6CD94E88-76F9-4156-A083-9451A4814EDF}.Debug|x86.Build.0 = Debug|Win32
		{6CD94E88-76F9-4156-A083-9451A4814EDF}.Release|x64.ActiveCfg = Release|x64
		{6CD94E88-76F9-4156-A083-9451A4814EDF}.Release|x64.Build.0 = Release|x64
		{6CD94E88-76F9-4156-A083-9451A4814EDF}.Release|x86.ActiveCfg = Release|Win32
		{6CD94E88-76F9-4156-A083-9451A4814EDF}.Release|x86.Build.0 = Release|Win32
		{2B019AF9-C757-4E40-B511-7352B669E08A}.Debug|x64.ActiveCfg = Debug|x64
		{2B019AF9-C757-4E40-B511-7352B669E08A}.Debug|x64.Build.0 = Debug|x64
		{2B019AF9-C757-4E40-B511-7352B669E08A}.Debug|x86.ActiveCfg = Debug|Win32
		{2B019AF9-C757-4E40-B511-7352B669E08A}.Debug|x86.Build.0 = Debug|Win32
		{2B019AF9-C757-4E40-B511-7352B669E08A}.Release|x64.ActiveCfg = Release|x64
		{2B019AF9-C757-4E40-B511-7352B669E08A}.Release|x64.Build.0 = Release|x64
		{2B019AF9-C757-4E40-B511-7352B669E08A}.Release|x86.ActiveCfg = Release|Win32
		{2B019AF9-C757-4E40-B511-7352B669E08A}.Release|x86.Build.0 = Release|Win32
	EndGlobalSection
	GlobalSection(SolutionProperties) = preSolution
		HideSolutionNode = FALSE
	EndGlobalSection
	GlobalSection(ExtensibilityGlobals) = postSolution
		SolutionGuid = {8AC62CCB-04C5-48BB-B405-4EBDE674CA5D}
	EndGlobalSection
EndGlobal
