
Microsoft Visual Studio Solution File, Format Version 12.00
# Visual Studio Version 17
VisualStudioVersion = 17.8.34330.188
MinimumVisualStudioVersion = 10.0.40219.1
Project("{8BC9CEB8-8B4A-11D0-8D11-00A0C91BC942}") = "Extention_figures", "Extention_figures\Extention_figures.vcxproj", "{AB420041-B522-4063-A466-BE926CB402CB}"
EndProject
Global
	GlobalSection(SolutionConfigurationPlatforms) = preSolution
		Debug|x64 = Debug|x64
		Debug|x86 = Debug|x86
		Release|x64 = Release|x64
		Release|x86 = Release|x86
	EndGlobalSection
	GlobalSection(ProjectConfigurationPlatforms) = postSolution
		{AB420041-B522-4063-A466-BE926CB402CB}.Debug|x64.ActiveCfg = Debug|x64
		{AB420041-B522-4063-A466-BE926CB402CB}.Debug|x64.Build.0 = Debug|x64
		{AB420041-B522-4063-A466-BE926CB402CB}.Debug|x86.ActiveCfg = Debug|Win32
		{AB420041-B522-4063-A466-BE926CB402CB}.Debug|x86.Build.0 = Debug|Win32
		{AB420041-B522-4063-A466-BE926CB402CB}.Release|x64.ActiveCfg = Release|x64
		{AB420041-B522-4063-A466-BE926CB402CB}.Release|x64.Build.0 = Release|x64
		{AB420041-B522-4063-A466-BE926CB402CB}.Release|x86.ActiveCfg = Release|Win32
		{AB420041-B522-4063-A466-BE926CB402CB}.Release|x86.Build.0 = Release|Win32
	EndGlobalSection
	GlobalSection(SolutionProperties) = preSolution
		HideSolutionNode = FALSE
	EndGlobalSection
	GlobalSection(ExtensibilityGlobals) = postSolution
		SolutionGuid = {02C0D2A6-0327-48DA-AAA6-0DA1BAA0851E}
	EndGlobalSection
EndGlobal
